
Microsoft Visual Studio Solution File, Format Version 12.00
# Visual Studio Version 16
VisualStudioVersion = 16.0.33214.272
MinimumVisualStudioVersion = 10.0.40219.1
Project("{FAE04EC0-301F-11D3-BF4B-00C04F79EFBC}") = "Homework6", "Homework6\Homework6.csproj", "{D7926410-0C73-42AE-8FEA-AE6D912F17F5}"
EndProject
Global
	GlobalSection(SolutionConfigurationPlatforms) = preSolution
		Debug|Any CPU = Debug|Any CPU
		Release|Any CPU = Release|Any CPU
	EndGlobalSection
	GlobalSection(ProjectConfigurationPlatforms) = postSolution
		{D7926410-0C73-42AE-8FEA-AE6D912F17F5}.Debug|Any CPU.ActiveCfg = Debug|Any CPU
		{D7926410-0C73-42AE-8FEA-AE6D912F17F5}.Debug|Any CPU.Build.0 = Debug|Any CPU
		{D7926410-0C73-42AE-8FEA-AE6D912F17F5}.Release|Any CPU.ActiveCfg = Release|Any CPU
		{D7926410-0C73-42AE-8FEA-AE6D912F17F5}.Release|Any CPU.Build.0 = Release|Any CPU
		{DC866E63-8EE3-4B85-9372-A2F8D64A8661}.Debug|Any CPU.ActiveCfg = Debug|Any CPU
		{DC866E63-8EE3-4B85-9372-A2F8D64A8661}.Debug|Any CPU.Build.0 = Debug|Any CPU
		{DC866E63-8EE3-4B85-9372-A2F8D64A8661}.Release|Any CPU.ActiveCfg = Release|Any CPU
		{DC866E63-8EE3-4B85-9372-A2F8D64A8661}.Release|Any CPU.Build.0 = Release|Any CPU
	EndGlobalSection
	GlobalSection(SolutionProperties) = preSolution
		HideSolutionNode = FALSE
	EndGlobalSection
	GlobalSection(ExtensibilityGlobals) = postSolution
		SolutionGuid = {EED4E84B-12A3-4CC3-BF77-637B8D4B5535}
	EndGlobalSection
EndGlobal
